// !$*UTF8*$!
{
	archiveVersion = 1;
	classes = {
	};
	objectVersion = 46;
	objects = {

/* Begin PBXBuildFile section */
		30BA09391D56D59A004C00A7 /* AppDelegate.swift in Sources */ = {isa = PBXBuildFile; fileRef = 30BA09381D56D59A004C00A7 /* AppDelegate.swift */; };
		30BA093B1D56D59A004C00A7 /* ViewController.swift in Sources */ = {isa = PBXBuildFile; fileRef = 30BA093A1D56D59A004C00A7 /* ViewController.swift */; };
		30BA093E1D56D59A004C00A7 /* Main.storyboard in Resources */ = {isa = PBXBuildFile; fileRef = 30BA093C1D56D59A004C00A7 /* Main.storyboard */; };
		30BA09411D56D59A004C00A7 /* SpotMe.xcdatamodeld in Sources */ = {isa = PBXBuildFile; fileRef = 30BA093F1D56D59A004C00A7 /* SpotMe.xcdatamodeld */; };
		30BA09431D56D59A004C00A7 /* Assets.xcassets in Resources */ = {isa = PBXBuildFile; fileRef = 30BA09421D56D59A004C00A7 /* Assets.xcassets */; };
		30BA09511D56D59A004C00A7 /* SpotMeTests.swift in Sources */ = {isa = PBXBuildFile; fileRef = 30BA09501D56D59A004C00A7 /* SpotMeTests.swift */; };
		30BA095C1D56D59A004C00A7 /* SpotMeUITests.swift in Sources */ = {isa = PBXBuildFile; fileRef = 30BA095B1D56D59A004C00A7 /* SpotMeUITests.swift */; };
/* End PBXBuildFile section */

/* Begin PBXContainerItemProxy section */
		30BA094D1D56D59A004C00A7 /* PBXContainerItemProxy */ = {
			isa = PBXContainerItemProxy;
			containerPortal = 30BA092D1D56D59A004C00A7 /* Project object */;
			proxyType = 1;
			remoteGlobalIDString = 30BA09341D56D59A004C00A7;
			remoteInfo = SpotMe;
		};
		30BA09581D56D59A004C00A7 /* PBXContainerItemProxy */ = {
			isa = PBXContainerItemProxy;
			containerPortal = 30BA092D1D56D59A004C00A7 /* Project object */;
			proxyType = 1;
			remoteGlobalIDString = 30BA09341D56D59A004C00A7;
			remoteInfo = SpotMe;
		};
/* End PBXContainerItemProxy section */

/* Begin PBXFileReference section */
		30BA09351D56D59A004C00A7 /* SpotMe.app */ = {isa = PBXFileReference; explicitFileType = wrapper.application; includeInIndex = 0; path = SpotMe.app; sourceTree = BUILT_PRODUCTS_DIR; };
		30BA09381D56D59A004C00A7 /* AppDelegate.swift */ = {isa = PBXFileReference; lastKnownFileType = sourcecode.swift; path = AppDelegate.swift; sourceTree = "<group>"; };
		30BA093A1D56D59A004C00A7 /* ViewController.swift */ = {isa = PBXFileReference; lastKnownFileType = sourcecode.swift; path = ViewController.swift; sourceTree = "<group>"; };
		30BA093D1D56D59A004C00A7 /* Base */ = {isa = PBXFileReference; lastKnownFileType = file.storyboard; name = Base; path = Base.lproj/Main.storyboard; sourceTree = "<group>"; };
		30BA09401D56D59A004C00A7 /* SpotMe.xcdatamodel */ = {isa = PBXFileReference; lastKnownFileType = wrapper.xcdatamodel; path = SpotMe.xcdatamodel; sourceTree = "<group>"; };
		30BA09421D56D59A004C00A7 /* Assets.xcassets */ = {isa = PBXFileReference; lastKnownFileType = folder.assetcatalog; path = Assets.xcassets; sourceTree = "<group>"; };
		30BA09471D56D59A004C00A7 /* Info.plist */ = {isa = PBXFileReference; lastKnownFileType = text.plist.xml; path = Info.plist; sourceTree = "<group>"; };
		30BA094C1D56D59A004C00A7 /* SpotMeTests.xctest */ = {isa = PBXFileReference; explicitFileType = wrapper.cfbundle; includeInIndex = 0; path = SpotMeTests.xctest; sourceTree = BUILT_PRODUCTS_DIR; };
		30BA09501D56D59A004C00A7 /* SpotMeTests.swift */ = {isa = PBXFileReference; lastKnownFileType = sourcecode.swift; path = SpotMeTests.swift; sourceTree = "<group>"; };
		30BA09521D56D59A004C00A7 /* Info.plist */ = {isa = PBXFileReference; lastKnownFileType = text.plist.xml; path = Info.plist; sourceTree = "<group>"; };
		30BA09571D56D59A004C00A7 /* SpotMeUITests.xctest */ = {isa = PBXFileReference; explicitFileType = wrapper.cfbundle; includeInIndex = 0; path = SpotMeUITests.xctest; sourceTree = BUILT_PRODUCTS_DIR; };
		30BA095B1D56D59A004C00A7 /* SpotMeUITests.swift */ = {isa = PBXFileReference; lastKnownFileType = sourcecode.swift; path = SpotMeUITests.swift; sourceTree = "<group>"; };
		30BA095D1D56D59A004C00A7 /* Info.plist */ = {isa = PBXFileReference; lastKnownFileType = text.plist.xml; path = Info.plist; sourceTree = "<group>"; };
/* End PBXFileReference section */

/* Begin PBXFrameworksBuildPhase section */
		30BA09321D56D59A004C00A7 /* Frameworks */ = {
			isa = PBXFrameworksBuildPhase;
			buildActionMask = 2147483647;
			files = (
			);
			runOnlyForDeploymentPostprocessing = 0;
		};
		30BA09491D56D59A004C00A7 /* Frameworks */ = {
			isa = PBXFrameworksBuildPhase;
			buildActionMask = 2147483647;
			files = (
			);
			runOnlyForDeploymentPostprocessing = 0;
		};
		30BA09541D56D59A004C00A7 /* Frameworks */ = {
			isa = PBXFrameworksBuildPhase;
			buildActionMask = 2147483647;
			files = (
			);
			runOnlyForDeploymentPostprocessing = 0;
		};
/* End PBXFrameworksBuildPhase section */

/* Begin PBXGroup section */
		30BA092C1D56D59A004C00A7 = {
			isa = PBXGroup;
			children = (
				30BA09371D56D59A004C00A7 /* SpotMe */,
				30BA094F1D56D59A004C00A7 /* SpotMeTests */,
				30BA095A1D56D59A004C00A7 /* SpotMeUITests */,
				30BA09361D56D59A004C00A7 /* Products */,
			);
			sourceTree = "<group>";
		};
		30BA09361D56D59A004C00A7 /* Products */ = {
			isa = PBXGroup;
			children = (
				30BA09351D56D59A004C00A7 /* SpotMe.app */,
				30BA094C1D56D59A004C00A7 /* SpotMeTests.xctest */,
				30BA09571D56D59A004C00A7 /* SpotMeUITests.xctest */,
			);
			name = Products;
			sourceTree = "<group>";
		};
		30BA09371D56D59A004C00A7 /* SpotMe */ = {
			isa = PBXGroup;
			children = (
				30BA09381D56D59A004C00A7 /* AppDelegate.swift */,
				30BA093A1D56D59A004C00A7 /* ViewController.swift */,
				30BA093C1D56D59A004C00A7 /* Main.storyboard */,
				30BA09421D56D59A004C00A7 /* Assets.xcassets */,
				30BA09471D56D59A004C00A7 /* Info.plist */,
				30BA093F1D56D59A004C00A7 /* SpotMe.xcdatamodeld */,
			);
			path = SpotMe;
			sourceTree = "<group>";
		};
		30BA094F1D56D59A004C00A7 /* SpotMeTests */ = {
			isa = PBXGroup;
			children = (
				30BA09501D56D59A004C00A7 /* SpotMeTests.swift */,
				30BA09521D56D59A004C00A7 /* Info.plist */,
			);
			path = SpotMeTests;
			sourceTree = "<group>";
		};
		30BA095A1D56D59A004C00A7 /* SpotMeUITests */ = {
			isa = PBXGroup;
			children = (
				30BA095B1D56D59A004C00A7 /* SpotMeUITests.swift */,
				30BA095D1D56D59A004C00A7 /* Info.plist */,
			);
			path = SpotMeUITests;
			sourceTree = "<group>";
		};
/* End PBXGroup section */

/* Begin PBXNativeTarget section */
		30BA09341D56D59A004C00A7 /* SpotMe */ = {
			isa = PBXNativeTarget;
			buildConfigurationList = 30BA09601D56D59A004C00A7 /* Build configuration list for PBXNativeTarget "SpotMe" */;
			buildPhases = (
				30BA09311D56D59A004C00A7 /* Sources */,
				30BA09321D56D59A004C00A7 /* Frameworks */,
				30BA09331D56D59A004C00A7 /* Resources */,
			);
			buildRules = (
			);
			dependencies = (
			);
			name = SpotMe;
			productName = SpotMe;
			productReference = 30BA09351D56D59A004C00A7 /* SpotMe.app */;
			productType = "com.apple.product-type.application";
		};
		30BA094B1D56D59A004C00A7 /* SpotMeTests */ = {
			isa = PBXNativeTarget;
			buildConfigurationList = 30BA09631D56D59A004C00A7 /* Build configuration list for PBXNativeTarget "SpotMeTests" */;
			buildPhases = (
				30BA09481D56D59A004C00A7 /* Sources */,
				30BA09491D56D59A004C00A7 /* Frameworks */,
				30BA094A1D56D59A004C00A7 /* Resources */,
			);
			buildRules = (
			);
			dependencies = (
				30BA094E1D56D59A004C00A7 /* PBXTargetDependency */,
			);
			name = SpotMeTests;
			productName = SpotMeTests;
			productReference = 30BA094C1D56D59A004C00A7 /* SpotMeTests.xctest */;
			productType = "com.apple.product-type.bundle.unit-test";
		};
		30BA09561D56D59A004C00A7 /* SpotMeUITests */ = {
			isa = PBXNativeTarget;
			buildConfigurationList = 30BA09661D56D59A004C00A7 /* Build configuration list for PBXNativeTarget "SpotMeUITests" */;
			buildPhases = (
				30BA09531D56D59A004C00A7 /* Sources */,
				30BA09541D56D59A004C00A7 /* Frameworks */,
				30BA09551D56D59A004C00A7 /* Resources */,
			);
			buildRules = (
			);
			dependencies = (
				30BA09591D56D59A004C00A7 /* PBXTargetDependency */,
			);
			name = SpotMeUITests;
			productName = SpotMeUITests;
			productReference = 30BA09571D56D59A004C00A7 /* SpotMeUITests.xctest */;
			productType = "com.apple.product-type.bundle.ui-testing";
		};
/* End PBXNativeTarget section */

/* Begin PBXProject section */
		30BA092D1D56D59A004C00A7 /* Project object */ = {
			isa = PBXProject;
			attributes = {
				LastSwiftUpdateCheck = 0730;
				LastUpgradeCheck = 0730;
				ORGANIZATIONNAME = "Jesus Mancilla";
				TargetAttributes = {
					30BA09341D56D59A004C00A7 = {
						CreatedOnToolsVersion = 7.3.1;
					};
					30BA094B1D56D59A004C00A7 = {
						CreatedOnToolsVersion = 7.3.1;
						TestTargetID = 30BA09341D56D59A004C00A7;
					};
					30BA09561D56D59A004C00A7 = {
						CreatedOnToolsVersion = 7.3.1;
						TestTargetID = 30BA09341D56D59A004C00A7;
					};
				};
			};
			buildConfigurationList = 30BA09301D56D59A004C00A7 /* Build configuration list for PBXProject "SpotMe" */;
			compatibilityVersion = "Xcode 3.2";
			developmentRegion = English;
			hasScannedForEncodings = 0;
			knownRegions = (
				en,
				Base,
			);
			mainGroup = 30BA092C1D56D59A004C00A7;
			productRefGroup = 30BA09361D56D59A004C00A7 /* Products */;
			projectDirPath = "";
			projectRoot = "";
			targets = (
				30BA09341D56D59A004C00A7 /* SpotMe */,
				30BA094B1D56D59A004C00A7 /* SpotMeTests */,
				30BA09561D56D59A004C00A7 /* SpotMeUITests */,
			);
		};
/* End PBXProject section */

/* Begin PBXResourcesBuildPhase section */
		30BA09331D56D59A004C00A7 /* Resources */ = {
			isa = PBXResourcesBuildPhase;
			buildActionMask = 2147483647;
			files = (
				30BA09431D56D59A004C00A7 /* Assets.xcassets in Resources */,
				30BA093E1D56D59A004C00A7 /* Main.storyboard in Resources */,
			);
			runOnlyForDeploymentPostprocessing = 0;
		};
		30BA094A1D56D59A004C00A7 /* Resources */ = {
			isa = PBXResourcesBuildPhase;
			buildActionMask = 2147483647;
			files = (
			);
			runOnlyForDeploymentPostprocessing = 0;
		};
		30BA09551D56D59A004C00A7 /* Resources */ = {
			isa = PBXResourcesBuildPhase;
			buildActionMask = 2147483647;
			files = (
			);
			runOnlyForDeploymentPostprocessing = 0;
		};
/* End PBXResourcesBuildPhase section */

/* Begin PBXSourcesBuildPhase section */
		30BA09311D56D59A004C00A7 /* Sources */ = {
			isa = PBXSourcesBuildPhase;
			buildActionMask = 2147483647;
			files = (
				30BA093B1D56D59A004C00A7 /* ViewController.swift in Sources */,
				30BA09391D56D59A004C00A7 /* AppDelegate.swift in Sources */,
				30BA09411D56D59A004C00A7 /* SpotMe.xcdatamodeld in Sources */,
			);
			runOnlyForDeploymentPostprocessing = 0;
		};
		30BA09481D56D59A004C00A7 /* Sources */ = {
			isa = PBXSourcesBuildPhase;
			buildActionMask = 2147483647;
			files = (
				30BA09511D56D59A004C00A7 /* SpotMeTests.swift in Sources */,
			);
			runOnlyForDeploymentPostprocessing = 0;
		};
		30BA09531D56D59A004C00A7 /* Sources */ = {
			isa = PBXSourcesBuildPhase;
			buildActionMask = 2147483647;
			files = (
				30BA095C1D56D59A004C00A7 /* SpotMeUITests.swift in Sources */,
			);
			runOnlyForDeploymentPostprocessing = 0;
		};
/* End PBXSourcesBuildPhase section */

/* Begin PBXTargetDependency section */
		30BA094E1D56D59A004C00A7 /* PBXTargetDependency */ = {
			isa = PBXTargetDependency;
			target = 30BA09341D56D59A004C00A7 /* SpotMe */;
			targetProxy = 30BA094D1D56D59A004C00A7 /* PBXContainerItemProxy */;
		};
		30BA09591D56D59A004C00A7 /* PBXTargetDependency */ = {
			isa = PBXTargetDependency;
			target = 30BA09341D56D59A004C00A7 /* SpotMe */;
			targetProxy = 30BA09581D56D59A004C00A7 /* PBXContainerItemProxy */;
		};
/* End PBXTargetDependency section */

/* Begin PBXVariantGroup section */
		30BA093C1D56D59A004C00A7 /* Main.storyboard */ = {
			isa = PBXVariantGroup;
			children = (
				30BA093D1D56D59A004C00A7 /* Base */,
			);
			name = Main.storyboard;
			sourceTree = "<group>";
		};
/* End PBXVariantGroup section */

/* Begin XCBuildConfiguration section */
		30BA095E1D56D59A004C00A7 /* Debug */ = {
			isa = XCBuildConfiguration;
			buildSettings = {
				ALWAYS_SEARCH_USER_PATHS = NO;
				CLANG_ANALYZER_NONNULL = YES;
				CLANG_CXX_LANGUAGE_STANDARD = "gnu++0x";
				CLANG_CXX_LIBRARY = "libc++";
				CLANG_ENABLE_MODULES = YES;
				CLANG_ENABLE_OBJC_ARC = YES;
				CLANG_WARN_BOOL_CONVERSION = YES;
				CLANG_WARN_CONSTANT_CONVERSION = YES;
				CLANG_WARN_DIRECT_OBJC_ISA_USAGE = YES_ERROR;
				CLANG_WARN_EMPTY_BODY = YES;
				CLANG_WARN_ENUM_CONVERSION = YES;
				CLANG_WARN_INT_CONVERSION = YES;
				CLANG_WARN_OBJC_ROOT_CLASS = YES_ERROR;
				CLANG_WARN_UNREACHABLE_CODE = YES;
				CLANG_WARN__DUPLICATE_METHOD_MATCH = YES;
				"CODE_SIGN_IDENTITY[sdk=iphoneos*]" = "iPhone Developer";
				COPY_PHASE_STRIP = NO;
				DEBUG_INFORMATION_FORMAT = dwarf;
				ENABLE_STRICT_OBJC_MSGSEND = YES;
				ENABLE_TESTABILITY = YES;
				GCC_C_LANGUAGE_STANDARD = gnu99;
				GCC_DYNAMIC_NO_PIC = NO;
				GCC_NO_COMMON_BLOCKS = YES;
				GCC_OPTIMIZATION_LEVEL = 0;
				GCC_PREPROCESSOR_DEFINITIONS = (
					"DEBUG=1",
					"$(inherited)",
				);
				GCC_WARN_64_TO_32_BIT_CONVERSION = YES;
				GCC_WARN_ABOUT_RETURN_TYPE = YES_ERROR;
				GCC_WARN_UNDECLARED_SELECTOR = YES;
				GCC_WARN_UNINITIALIZED_AUTOS = YES_AGGRESSIVE;
				GCC_WARN_UNUSED_FUNCTION = YES;
				GCC_WARN_UNUSED_VARIABLE = YES;
				IPHONEOS_DEPLOYMENT_TARGET = 9.3;
				MTL_ENABLE_DEBUG_INFO = YES;
				ONLY_ACTIVE_ARCH = YES;
				SDKROOT = iphoneos;
				SWIFT_OPTIMIZATION_LEVEL = "-Onone";
			};
			name = Debug;
		};
		30BA095F1D56D59A004C00A7 /* Release */ = {
			isa = XCBuildConfiguration;
			buildSettings = {
				ALWAYS_SEARCH_USER_PATHS = NO;
				CLANG_ANALYZER_NONNULL = YES;
				CLANG_CXX_LANGUAGE_STANDARD = "gnu++0x";
				CLANG_CXX_LIBRARY = "libc++";
				CLANG_ENABLE_MODULES = YES;
				CLANG_ENABLE_OBJC_ARC = YES;
				CLANG_WARN_BOOL_CONVERSION = YES;
				CLANG_WARN_CONSTANT_CONVERSION = YES;
				CLANG_WARN_DIRECT_OBJC_ISA_USAGE = YES_ERROR;
				CLANG_WARN_EMPTY_BODY = YES;
				CLANG_WARN_ENUM_CONVERSION = YES;
				CLANG_WARN_INT_CONVERSION = YES;
				CLANG_WARN_OBJC_ROOT_CLASS = YES_ERROR;
				CLANG_WARN_UNREACHABLE_CODE = YES;
				CLANG_WARN__DUPLICATE_METHOD_MATCH = YES;
				"CODE_SIGN_IDENTITY[sdk=iphoneos*]" = "iPhone Developer";
				COPY_PHASE_STRIP = NO;
				DEBUG_INFORMATION_FORMAT = "dwarf-with-dsym";
				ENABLE_NS_ASSERTIONS = NO;
				ENABLE_STRICT_OBJC_MSGSEND = YES;
				GCC_C_LANGUAGE_STANDARD = gnu99;
				GCC_NO_COMMON_BLOCKS = YES;
				GCC_WARN_64_TO_32_BIT_CONVERSION = YES;
				GCC_WARN_ABOUT_RETURN_TYPE = YES_ERROR;
				GCC_WARN_UNDECLARED_SELECTOR = YES;
				GCC_WARN_UNINITIALIZED_AUTOS = YES_AGGRESSIVE;
				GCC_WARN_UNUSED_FUNCTION = YES;
				GCC_WARN_UNUSED_VARIABLE = YES;
				IPHONEOS_DEPLOYMENT_TARGET = 9.3;
				MTL_ENABLE_DEBUG_INFO = NO;
				SDKROOT = iphoneos;
				VALIDATE_PRODUCT = YES;
			};
			name = Release;
		};
		30BA09611D56D59A004C00A7 /* Debug */ = {
			isa = XCBuildConfiguration;
			buildSettings = {
				ASSETCATALOG_COMPILER_APPICON_NAME = AppIcon;
				INFOPLIST_FILE = SpotMe/Info.plist;
				LD_RUNPATH_SEARCH_PATHS = "$(inherited) @executable_path/Frameworks";
				PRODUCT_BUNDLE_IDENTIFIER = "com.Jesus-Ricky.SpotMe.SpotMe";
				PRODUCT_NAME = "$(TARGET_NAME)";
			};
			name = Debug;
		};
		30BA09621D56D59A004C00A7 /* Release */ = {
			isa = XCBuildConfiguration;
			buildSettings = {
				ASSETCATALOG_COMPILER_APPICON_NAME = AppIcon;
				INFOPLIST_FILE = SpotMe/Info.plist;
				LD_RUNPATH_SEARCH_PATHS = "$(inherited) @executable_path/Frameworks";
				PRODUCT_BUNDLE_IDENTIFIER = "com.Jesus-Ricky.SpotMe.SpotMe";
				PRODUCT_NAME = "$(TARGET_NAME)";
			};
			name = Release;
		};
		30BA09641D56D59A004C00A7 /* Debug */ = {
			isa = XCBuildConfiguration;
			buildSettings = {
				BUNDLE_LOADER = "$(TEST_HOST)";
				INFOPLIST_FILE = SpotMeTests/Info.plist;
				LD_RUNPATH_SEARCH_PATHS = "$(inherited) @executable_path/Frameworks @loader_path/Frameworks";
				PRODUCT_BUNDLE_IDENTIFIER = "com.Jesus-Ricky.SpotMe.SpotMeTests";
				PRODUCT_NAME = "$(TARGET_NAME)";
				TEST_HOST = "$(BUILT_PRODUCTS_DIR)/SpotMe.app/SpotMe";
			};
			name = Debug;
		};
		30BA09651D56D59A004C00A7 /* Release */ = {
			isa = XCBuildConfiguration;
			buildSettings = {
				BUNDLE_LOADER = "$(TEST_HOST)";
				INFOPLIST_FILE = SpotMeTests/Info.plist;
				LD_RUNPATH_SEARCH_PATHS = "$(inherited) @executable_path/Frameworks @loader_path/Frameworks";
				PRODUCT_BUNDLE_IDENTIFIER = "com.Jesus-Ricky.SpotMe.SpotMeTests";
				PRODUCT_NAME = "$(TARGET_NAME)";
				TEST_HOST = "$(BUILT_PRODUCTS_DIR)/SpotMe.app/SpotMe";
			};
			name = Release;
		};
		30BA09671D56D59A004C00A7 /* Debug */ = {
			isa = XCBuildConfiguration;
			buildSettings = {
				INFOPLIST_FILE = SpotMeUITests/Info.plist;
				LD_RUNPATH_SEARCH_PATHS = "$(inherited) @executable_path/Frameworks @loader_path/Frameworks";
				PRODUCT_BUNDLE_IDENTIFIER = "com.Jesus-Ricky.SpotMe.SpotMeUITests";
				PRODUCT_NAME = "$(TARGET_NAME)";
				TEST_TARGET_NAME = SpotMe;
			};
			name = Debug;
		};
		30BA09681D56D59A004C00A7 /* Release */ = {
			isa = XCBuildConfiguration;
			buildSettings = {
				INFOPLIST_FILE = SpotMeUITests/Info.plist;
				LD_RUNPATH_SEARCH_PATHS = "$(inherited) @executable_path/Frameworks @loader_path/Frameworks";
				PRODUCT_BUNDLE_IDENTIFIER = "com.Jesus-Ricky.SpotMe.SpotMeUITests";
				PRODUCT_NAME = "$(TARGET_NAME)";
				TEST_TARGET_NAME = SpotMe;
			};
			name = Release;
		};
/* End XCBuildConfiguration section */

/* Begin XCConfigurationList section */
		30BA09301D56D59A004C00A7 /* Build configuration list for PBXProject "SpotMe" */ = {
			isa = XCConfigurationList;
			buildConfigurations = (
				30BA095E1D56D59A004C00A7 /* Debug */,
				30BA095F1D56D59A004C00A7 /* Release */,
			);
			defaultConfigurationIsVisible = 0;
			defaultConfigurationName = Release;
		};
		30BA09601D56D59A004C00A7 /* Build configuration list for PBXNativeTarget "SpotMe" */ = {
			isa = XCConfigurationList;
			buildConfigurations = (
				30BA09611D56D59A004C00A7 /* Debug */,
				30BA09621D56D59A004C00A7 /* Release */,
			);
			defaultConfigurationIsVisible = 0;
			defaultConfigurationName = Release;
		};
		30BA09631D56D59A004C00A7 /* Build configuration list for PBXNativeTarget "SpotMeTests" */ = {
			isa = XCConfigurationList;
			buildConfigurations = (
				30BA09641D56D59A004C00A7 /* Debug */,
				30BA09651D56D59A004C00A7 /* Release */,
			);
			defaultConfigurationIsVisible = 0;
			defaultConfigurationName = Release;
		};
		30BA09661D56D59A004C00A7 /* Build configuration list for PBXNativeTarget "SpotMeUITests" */ = {
			isa = XCConfigurationList;
			buildConfigurations = (
				30BA09671D56D59A004C00A7 /* Debug */,
				30BA09681D56D59A004C00A7 /* Release */,
			);
			defaultConfigurationIsVisible = 0;
			defaultConfigurationName = Release;
		};
/* End XCConfigurationList section */

/* Begin XCVersionGroup section */
		30BA093F1D56D59A004C00A7 /* SpotMe.xcdatamodeld */ = {
			isa = XCVersionGroup;
			children = (
				30BA09401D56D59A004C00A7 /* SpotMe.xcdatamodel */,
			);
			currentVersion = 30BA09401D56D59A004C00A7 /* SpotMe.xcdatamodel */;
			path = SpotMe.xcdatamodeld;
			sourceTree = "<group>";
			versionGroupType = wrapper.xcdatamodel;
		};
/* End XCVersionGroup section */
	};
	rootObject = 30BA092D1D56D59A004C00A7 /* Project object */;
}
